{
  "name": "draw-mat-js",
  "version": "0.0.1",
  "lockfileVersion": 1,
  "requires": true,
  "dependencies": {
    "flo-bezier3": {
      "version": "0.1.3",
      "resolved": "https://registry.npmjs.org/flo-bezier3/-/flo-bezier3-0.1.3.tgz",
      "integrity": "sha512-KZSKwvrhG1CAxsuH/IYoU+vYolDGkRocrS9xTQxA9zdEWLWjsfOHtlS+HZK4gAkQl18AUJ44leFCA7fZPoRRQg==",
      "requires": {
        "flo-gauss-quadrature": "*",
        "flo-graham-scan": "*",
        "flo-memoize": "^0.1.0",
        "flo-poly": "*",
        "flo-vector2d": "*"
      }
    },
    "flo-gauss-quadrature": {
      "version": "0.0.7",
      "resolved": "https://registry.npmjs.org/flo-gauss-quadrature/-/flo-gauss-quadrature-0.0.7.tgz",
      "integrity": "sha512-Zm4Nwd/BDZcjHNP588zb/jRoHSPK6kcuplzjiIIPtf3VKrWyGzcOwWOlmpKRtn3DTcxOsTGfVOlia6cPwLdlgQ=="
    },
    "flo-graham-scan": {
      "version": "0.2.0",
      "resolved": "https://registry.npmjs.org/flo-graham-scan/-/flo-graham-scan-0.2.0.tgz",
      "integrity": "sha512-fwFOqSSHsf1KrBDxBIQnDmW+/q7nPmHrJckdtajCboiiNzUWB3edgUfkK/in0Qh0WQT71Nq9IlTo4YWHzJrfFw==",
      "requires": {
        "flo-vector2d": "*"
      }
    },
    "flo-lines-intersections": {
      "version": "0.2.0",
      "resolved": "https://registry.npmjs.org/flo-lines-intersections/-/flo-lines-intersections-0.2.0.tgz",
      "integrity": "sha512-IHWsiFMNitfz5QFmwXw3uE+6Wz2opq9xR2OpNl2cUhoq6fBQuL7mjD3DqMvuGW1yqr/QOjY8Qdm7C+LsDvxy3A=="
    },
    "flo-ll-rb-tree": {
      "version": "0.1.0",
      "resolved": "https://registry.npmjs.org/flo-ll-rb-tree/-/flo-ll-rb-tree-0.1.0.tgz",
      "integrity": "sha512-QPeWfHzWBhs04ZuRsssa+PVgBwTfYB8F9YlyfcMpW6R946nRP4UePZ+kypPpiNVRh3cXo+imzJTyhIA875OV9g=="
    },
    "flo-mat": {
      "version": "0.1.6",
      "resolved": "https://registry.npmjs.org/flo-mat/-/flo-mat-0.1.6.tgz",
      "integrity": "sha512-01sbTUra8IYs9K6pqnHf+uL6YBi9qAbfax0SDSTuF8wOdXIr/YZAftC+O8kj4+ZsbcF1lHM2/sCkfxyVJSXPWA==",
      "requires": {
        "flo-bezier3": "^0.1.3",
        "flo-lines-intersections": "^0.2.0",
        "flo-ll-rb-tree": "^0.1.0",
        "flo-memoize": "^0.1.0",
        "flo-poly": "^2.0.1",
        "flo-vector2d": "^0.0.3"
      }
    },
    "flo-memoize": {
      "version": "0.1.0",
      "resolved": "https://registry.npmjs.org/flo-memoize/-/flo-memoize-0.1.0.tgz",
      "integrity": "sha512-VoJ7rm1eJhRy6j+mBsI3H+90UsBSABC0r82Gr7iTe7U7G9xULc89tuhL45dzk6jUcUFWpGrp2NUvb+t8GafCKA=="
    },
    "flo-poly": {
      "version": "2.0.1",
      "resolved": "https://registry.npmjs.org/flo-poly/-/flo-poly-2.0.1.tgz",
      "integrity": "sha512-zDfb/1v6FMr9FPghHDEtjYJ2h+wFs01eWrS9zZYe7Ki2+dwAl7Jt4fzNcfhFifmWpxk+EQ36mTQGEGZl4fS+ug=="
    },
    "flo-vector2d": {
      "version": "0.0.3",
      "resolved": "https://registry.npmjs.org/flo-vector2d/-/flo-vector2d-0.0.3.tgz",
      "integrity": "sha512-aoYU9sQ8XVKXQp+s/R66uY72Ttqo/reNIv3779ll9abH/uqNP3p5xbMiDisBD4OZLnA8hapkJDTkugizKgeR4w=="
    }
  }
}
