{
  "name": "draw-mat-js",
  "version": "0.0.1",
  "lockfileVersion": 3,
  "requires": true,
  "packages": {
    "": {
      "name": "draw-mat-js",
      "version": "0.0.1",
      "license": "MIT",
      "dependencies": {
        "flo-mat": "^3.0.1"
      },
      "devDependencies": {}
    },
    "node_modules/big-float-ts": {
      "version": "3.0.3",
      "resolved": "https://registry.npmjs.org/big-float-ts/-/big-float-ts-3.0.3.tgz",
      "integrity": "sha512-Fk+npd7hVfNJ+kEA7eRnx4j7RvfH4uKY4H6tewyaAM5lO672kMxd2Z4oc0MsTTz8JFwPhDhohTdELp3zc2mxZQ==",
      "engines": {
        "node": "^12.20.0 || ^14.13.1 || >=16.0.0"
      }
    },
    "node_modules/buffer-from": {
      "version": "1.1.2",
      "resolved": "https://registry.npmjs.org/buffer-from/-/buffer-from-1.1.2.tgz",
      "integrity": "sha512-E+XQCRwSbaaiChtv6k6Dwgc+bx+Bs6vuKJHHl5kox/BaKbhiXzqQOwK4cO22yElGp2OCmjwVhT3HmxgyPGnJfQ=="
    },
    "node_modules/double-double": {
      "version": "2.0.7",
      "resolved": "https://registry.npmjs.org/double-double/-/double-double-2.0.7.tgz",
      "integrity": "sha512-2YVSSoCFPloU6HbqC0J51vT2FkAhHhVitM62f2N7Se815McdB48lwvD8dguI3C6/KNON6h0PIwiCFRn3xBPi5A==",
      "dependencies": {
        "eslint-plugin-tree-shaking": "^1.10.0"
      },
      "engines": {
        "node": "^12.20.0 || ^14.13.1 || >=16.0.0"
      }
    },
    "node_modules/eslint-plugin-tree-shaking": {
      "version": "1.10.0",
      "resolved": "https://registry.npmjs.org/eslint-plugin-tree-shaking/-/eslint-plugin-tree-shaking-1.10.0.tgz",
      "integrity": "sha512-2ZKkV+56+yTk0F6iq2pAwdxNvShjas07XGozMV6nen+ZGVSA8/TndoXfpPHt8r7M9sbE2XVRQ3iaU7535vdNpw==",
      "engines": {
        "node": ">=6.0.0"
      }
    },
    "node_modules/flo-bezier3": {
      "version": "5.0.0",
      "resolved": "https://registry.npmjs.org/flo-bezier3/-/flo-bezier3-5.0.0.tgz",
      "integrity": "sha512-GOonWTWPCDiHnJdpdeFoobK6YA0thSu9NyJMNw2Z2D1cl1IfrOdXayyVCoIS4VLpZIa0tNcBA0aIvQttzE0uCg==",
      "dependencies": {
        "big-float-ts": "^3.0.3",
        "double-double": "^2.0.7",
        "flo-gauss-quadrature": "^2.1.2",
        "flo-graham-scan": "^2.0.2",
        "flo-poly": "^6.0.8",
        "flo-vector2d": "^4.0.2",
        "source-map-support": "^0.5.21"
      },
      "engines": {
        "node": "^12.20.0 || ^14.13.1 || >=16.0.0"
      }
    },
    "node_modules/flo-boolean": {
      "version": "2.1.8",
      "resolved": "https://registry.npmjs.org/flo-boolean/-/flo-boolean-2.1.8.tgz",
      "integrity": "sha512-1Prkrc7Br/FJ78t2nxtTZXMc53h5kZuP/H73Wq08GE57ku6izXgtqVc/8XQdBvVyri/bWMzY/2+fFw9c7k6GvQ==",
      "dependencies": {
        "big-float-ts": "^3.0.3",
        "double-double": "^2.0.7",
        "flo-bezier3": "^4.1.4",
        "flo-draw": "^2.0.2",
        "flo-gauss-quadrature": "^2.1.2",
        "flo-memoize": "^1.1.1",
        "flo-poly": "^6.0.5",
        "flo-vector2d": "^4.0.2"
      },
      "engines": {
        "node": "^12.20.0 || ^14.13.1 || >=16.0.0"
      }
    },
    "node_modules/flo-boolean/node_modules/flo-bezier3": {
      "version": "4.1.4",
      "resolved": "https://registry.npmjs.org/flo-bezier3/-/flo-bezier3-4.1.4.tgz",
      "integrity": "sha512-XnG/MxGFsS7li8g7OMNBTjNF2/7Ofvnkc/Hqhn8LLEgEuZeywXq9v+kKep4fC6X7MbC5c5EVcYaPOwVVj5/5oQ==",
      "dependencies": {
        "big-float-ts": "^3.0.3",
        "double-double": "^2.0.7",
        "flo-gauss-quadrature": "^2.1.2",
        "flo-graham-scan": "^2.0.2",
        "flo-poly": "^6.0.5",
        "flo-vector2d": "^4.0.2",
        "source-map-support": "^0.5.21"
      },
      "engines": {
        "node": "^12.20.0 || ^14.13.1 || >=16.0.0"
      }
    },
    "node_modules/flo-draw": {
      "version": "2.0.2",
      "resolved": "https://registry.npmjs.org/flo-draw/-/flo-draw-2.0.2.tgz",
      "integrity": "sha512-Q/MkUZBmbX4b/h0ee6BIgu7oqr/SqAPVosq6UGJRruW8Y6eXx+e4+cvYLLNvWW9ZWOo9OQTmHaq3npyhlWmexQ==",
      "engines": {
        "node": "^12.20.0 || ^14.13.1 || >=16.0.0"
      }
    },
    "node_modules/flo-gauss-quadrature": {
      "version": "2.1.2",
      "resolved": "https://registry.npmjs.org/flo-gauss-quadrature/-/flo-gauss-quadrature-2.1.2.tgz",
      "integrity": "sha512-KqhfvqmVu8Sk6uc3qjISfkmbqYjqkXipcVOprmUjPPHOxXtUJzAl92GI1g8H/ouiYDi7mivrpFC0+JOTp8vXSQ==",
      "dependencies": {
        "eslint-plugin-tree-shaking": "^1.10.0"
      },
      "engines": {
        "node": "^12.20.0 || ^14.13.1 || >=16.0.0"
      }
    },
    "node_modules/flo-graham-scan": {
      "version": "2.0.2",
      "resolved": "https://registry.npmjs.org/flo-graham-scan/-/flo-graham-scan-2.0.2.tgz",
      "integrity": "sha512-udH6Vn3gq9pOaeiWKt+cbxlFFuVT2eSwQ44XUWW0UBePdhRzW3vyT5o0kItYcGgsx6cBxeqOAKhNjnehb8npIw==",
      "dependencies": {
        "big-float-ts": "^3.0.3"
      },
      "engines": {
        "node": "^12.20.0 || ^14.13.1 || >=16.0.0"
      }
    },
    "node_modules/flo-ll-rb-tree": {
      "version": "0.3.3",
      "resolved": "https://registry.npmjs.org/flo-ll-rb-tree/-/flo-ll-rb-tree-0.3.3.tgz",
      "integrity": "sha512-fxSxsF0CVA2zZtWt7t7FKU95B7p4/+UGKrXaJ61Z6xeSZ8m28gzbONOBescATi9oTZ2+5bo05zI/DlxaTqoLEw==",
      "engines": {
        "node": "^12.20.0 || ^14.13.1 || >=16.0.0"
      }
    },
    "node_modules/flo-mat": {
      "version": "3.0.1",
      "resolved": "https://registry.npmjs.org/flo-mat/-/flo-mat-3.0.1.tgz",
      "integrity": "sha512-egxXYoMfbak0bEBD3GRDU9Xb2yXirRI/rkeGvVFf2DCyQGplSeZeAW55axr77WrfhLL2BHCoToYAqYiMYn12CA==",
      "dependencies": {
        "big-float-ts": "^3.0.3",
        "double-double": "^2.0.7",
        "flo-bezier3": "^5.0.0",
        "flo-boolean": "^2.1.8",
        "flo-draw": "^2.0.2",
        "flo-gauss-quadrature": "^2.1.2",
        "flo-ll-rb-tree": "^0.3.3",
        "flo-memoize": "^1.1.1",
        "flo-poly": "^6.0.8",
        "flo-vector2d": "^4.0.2"
      },
      "engines": {
        "node": "^12.20.0 || ^14.13.1 || >=16.0.0"
      }
    },
    "node_modules/flo-memoize": {
      "version": "1.1.1",
      "resolved": "https://registry.npmjs.org/flo-memoize/-/flo-memoize-1.1.1.tgz",
      "integrity": "sha512-gETyEkUCoyVSZQKGmwlA7JWXzlBVzrdGe3rHfyOZaiIy67XJI9td6KnvUBn5F1GXTYvSHSw3+QJ5kzLF29A17Q==",
      "engines": {
        "node": "^12.20.0 || ^14.13.1 || >=16.0.0"
      }
    },
    "node_modules/flo-poly": {
      "version": "6.0.8",
      "resolved": "https://registry.npmjs.org/flo-poly/-/flo-poly-6.0.8.tgz",
      "integrity": "sha512-fGbIjWnhzcHFTqz4sIgZKht+o/qwuApPP6iJR/DOU6lL5pLRk/24RfcqSYdux0KdvdYKCplD80M30Y7a8VBa4Q==",
      "dependencies": {
        "big-float-ts": "^3.0.3",
        "double-double": "^2.0.7"
      },
      "engines": {
        "node": "^12.20.0 || ^14.13.1 || >=16.0.0"
      }
    },
    "node_modules/flo-vector2d": {
      "version": "4.0.2",
      "resolved": "https://registry.npmjs.org/flo-vector2d/-/flo-vector2d-4.0.2.tgz",
      "integrity": "sha512-rsoX5RO/EosRmV6IP2xSgwKZb1BHgll3wNM2TeJJk1u0QowPTWiNuKso2wyhqFHv7ocOSZMBp6dmXCeTXwJoEQ==",
      "dependencies": {
        "big-float-ts": "^3.0.3"
      },
      "engines": {
        "node": "^12.20.0 || ^14.13.1 || >=16.0.0"
      }
    },
    "node_modules/source-map": {
      "version": "0.6.1",
      "resolved": "https://registry.npmjs.org/source-map/-/source-map-0.6.1.tgz",
      "integrity": "sha512-UjgapumWlbMhkBgzT7Ykc5YXUT46F0iKu8SGXq0bcwP5dz/h0Plj6enJqjz1Zbq2l5WaqYnrVbwWOWMyF3F47g==",
      "engines": {
        "node": ">=0.10.0"
      }
    },
    "node_modules/source-map-support": {
      "version": "0.5.21",
      "resolved": "https://registry.npmjs.org/source-map-support/-/source-map-support-0.5.21.tgz",
      "integrity": "sha512-uBHU3L3czsIyYXKX88fdrGovxdSCoTGDRZ6SYXtSRxLZUzHg5P/66Ht6uoUlHu9EZod+inXhKo3qQgwXUT/y1w==",
      "dependencies": {
        "buffer-from": "^1.0.0",
        "source-map": "^0.6.0"
      }
    }
  }
}
