{
  "name": "draw-mat-js",
  "version": "0.0.1",
  "lockfileVersion": 1,
  "requires": true,
  "dependencies": {
    "flo-bezier3": {
      "version": "2.0.0",
      "resolved": "https://registry.npmjs.org/flo-bezier3/-/flo-bezier3-2.0.0.tgz",
      "integrity": "sha512-jG9e9o16LjWjuT92+raASn/OPbsfHDGANrN1pifSPKorpZrODiPGKdA4AGBkmNmQKjoy2WAzHY67Nmqox7sWNA==",
      "requires": {
        "flo-draw": "^1.0.0",
        "flo-gauss-quadrature": "^1.0.1",
        "flo-graham-scan": "^1.0.1",
        "flo-memoize": "^0.1.2",
        "flo-numerical": "^1.0.1",
        "flo-poly": "^4.0.0",
        "flo-vector2d": "^2.0.0"
      }
    },
    "flo-boolean": {
      "version": "0.0.2",
      "resolved": "https://registry.npmjs.org/flo-boolean/-/flo-boolean-0.0.2.tgz",
      "integrity": "sha512-M8Sk7njMRa208nNdvlvi2SzrTwzlkWGxlJX8H5XgLQ9nL5DCESr5vhRM4Jxz/PuYwZ23lTayRYNgN4e4eQqp0A==",
      "requires": {
        "flo-bezier3": "^2.0.0",
        "flo-draw": "^1.0.0",
        "flo-gauss-quadrature": "^1.0.1",
        "flo-memoize": "^0.1.2",
        "flo-numerical": "^1.0.1",
        "flo-poly": "^4.0.0",
        "flo-vector2d": "^2.0.0"
      }
    },
    "flo-draw": {
      "version": "1.0.0",
      "resolved": "https://registry.npmjs.org/flo-draw/-/flo-draw-1.0.0.tgz",
      "integrity": "sha512-E/f41o6QWN4nofanHcaLiOQ+FrpfEBAJQs/KMvG8FHDkNV7vFaux/39pPkbnlR2W4G7Zhs0jizloV3kNxfpn5g=="
    },
    "flo-gauss-quadrature": {
      "version": "1.0.1",
      "resolved": "https://registry.npmjs.org/flo-gauss-quadrature/-/flo-gauss-quadrature-1.0.1.tgz",
      "integrity": "sha512-/Bffdgh2APmDCVVmmHSFNM6oLhyp4UkDAW3lkTJKmUMOLB3ut6CdRv1l2BH55oY5HWxX8dZEpS9ecsYNRarG2w=="
    },
    "flo-graham-scan": {
      "version": "1.0.1",
      "resolved": "https://registry.npmjs.org/flo-graham-scan/-/flo-graham-scan-1.0.1.tgz",
      "integrity": "sha512-mxMkGgIlSMp46iro7lYEJFIVra7OMEjXUIo3tbdRqhQcytflkrzw70QnR6ILLZmuNXZtAopFxCBQCTgq4pw2qw==",
      "requires": {
        "flo-numerical": "^1.0.1"
      }
    },
    "flo-ll-rb-tree": {
      "version": "0.1.2",
      "resolved": "https://registry.npmjs.org/flo-ll-rb-tree/-/flo-ll-rb-tree-0.1.2.tgz",
      "integrity": "sha512-2HANgSy6aiv6bOLsPSUOLjWZF9aInnOUvEOcJWEK3ElwOcahh0YzrS6w3Ho3o3KAGva2A19G1ZEqfbaeRhyF7g=="
    },
    "flo-mat": {
      "version": "1.1.2",
      "resolved": "https://registry.npmjs.org/flo-mat/-/flo-mat-1.1.2.tgz",
      "integrity": "sha512-G33Okcw7pz2EimReolbsfDq9Mcbw/mWQwFk8B3XjwwQX6Zg9/qUHyIkwEY9DnwLZPMOZtpzqoBJ2xTrjXwkJ3w==",
      "requires": {
        "flo-bezier3": "^2.0.0",
        "flo-boolean": "^0.0.2",
        "flo-draw": "^1.0.0",
        "flo-gauss-quadrature": "^1.0.1",
        "flo-ll-rb-tree": "^0.1.2",
        "flo-memoize": "^0.1.2",
        "flo-numerical": "^1.0.1",
        "flo-poly": "^4.0.0",
        "flo-vector2d": "^2.0.0"
      }
    },
    "flo-memoize": {
      "version": "0.1.2",
      "resolved": "https://registry.npmjs.org/flo-memoize/-/flo-memoize-0.1.2.tgz",
      "integrity": "sha512-vPOslFr5fZ//7jzd9PiigWmMUattEDJ5HdYqNKn9ufNFieN3WH1RKq2tFUqy9QHOLokFkvfqJHm9zd602Kffvw=="
    },
    "flo-numerical": {
      "version": "1.0.1",
      "resolved": "https://registry.npmjs.org/flo-numerical/-/flo-numerical-1.0.1.tgz",
      "integrity": "sha512-TG2QE0tbP8O/nU7ywxJJPtOTRaFGDE9ymZFE7fTEbFUBJe4jQPci7jB5Wqw4ZW8XFRhfzEQgl9YucDCGumZYug=="
    },
    "flo-poly": {
      "version": "4.0.0",
      "resolved": "https://registry.npmjs.org/flo-poly/-/flo-poly-4.0.0.tgz",
      "integrity": "sha512-S0hFB7CEqMdhudn9lYZlq6/8uRU40BxE2segSGAtZWWkPvdKFzT3PqlQQAZ//YbnCmgWwIdN1iLE1zKdSsxZLA==",
      "requires": {
        "flo-draw": "^1.0.0",
        "flo-numerical": "^1.0.1"
      }
    },
    "flo-vector2d": {
      "version": "2.0.0",
      "resolved": "https://registry.npmjs.org/flo-vector2d/-/flo-vector2d-2.0.0.tgz",
      "integrity": "sha512-3ziDrk5YGNl9+R3ZO4GBf+2QMU2yIpCvCfKqL/2+ZGDfUaqYVdoqMfZ6g+vFmVi9tkop+IDJvTg4CRnzmY/7TA==",
      "requires": {
        "flo-numerical": "^1.0.1"
      }
    }
  }
}
